
Microsoft Visual Studio Solution File, Format Version 12.00
# Visual Studio Version 16
VisualStudioVersion = 16.0.29409.12
MinimumVisualStudioVersion = 10.0.40219.1
Project("{FAE04EC0-301F-11D3-BF4B-00C04F79EFBC}") = "Application", "Application\Application.csproj", "{2C0478BA-7167-4D92-AC2B-D6FDB478B186}"
EndProject
Project("{FAE04EC0-301F-11D3-BF4B-00C04F79EFBC}") = "Persistence", "Persistence\Persistence.csproj", "{4B807F7F-D9A2-46F7-9949-EA631FCD0255}"
EndProject
Project("{FAE04EC0-301F-11D3-BF4B-00C04F79EFBC}") = "Domain", "Domain\Domain.csproj", "{0D2130CC-4ADB-4B0C-B273-DDA9EC01325F}"
EndProject
Project("{FAE04EC0-301F-11D3-BF4B-00C04F79EFBC}") = "Infrastructure", "Infrastructure\Infrastructure.csproj", "{FF010F3B-3D8D-439C-AD36-FA04D787B1A6}"
EndProject
Project("{FAE04EC0-301F-11D3-BF4B-00C04F79EFBC}") = "Presentation", "Presentation\Presentation.csproj", "{4FC9120B-FB98-42F8-BF1D-CC08EA5F8311}"
EndProject
Global
	GlobalSection(SolutionConfigurationPlatforms) = preSolution
		Debug|Any CPU = Debug|Any CPU
		Release|Any CPU = Release|Any CPU
	EndGlobalSection
	GlobalSection(ProjectConfigurationPlatforms) = postSolution
		{2C0478BA-7167-4D92-AC2B-D6FDB478B186}.Debug|Any CPU.ActiveCfg = Debug|Any CPU
		{2C0478BA-7167-4D92-AC2B-D6FDB478B186}.Debug|Any CPU.Build.0 = Debug|Any CPU
		{2C0478BA-7167-4D92-AC2B-D6FDB478B186}.Release|Any CPU.ActiveCfg = Release|Any CPU
		{2C0478BA-7167-4D92-AC2B-D6FDB478B186}.Release|Any CPU.Build.0 = Release|Any CPU
		{4B807F7F-D9A2-46F7-9949-EA631FCD0255}.Debug|Any CPU.ActiveCfg = Debug|Any CPU
		{4B807F7F-D9A2-46F7-9949-EA631FCD0255}.Debug|Any CPU.Build.0 = Debug|Any CPU
		{4B807F7F-D9A2-46F7-9949-EA631FCD0255}.Release|Any CPU.ActiveCfg = Release|Any CPU
		{4B807F7F-D9A2-46F7-9949-EA631FCD0255}.Release|Any CPU.Build.0 = Release|Any CPU
		{0D2130CC-4ADB-4B0C-B273-DDA9EC01325F}.Debug|Any CPU.ActiveCfg = Debug|Any CPU
		{0D2130CC-4ADB-4B0C-B273-DDA9EC01325F}.Debug|Any CPU.Build.0 = Debug|Any CPU
		{0D2130CC-4ADB-4B0C-B273-DDA9EC01325F}.Release|Any CPU.ActiveCfg = Release|Any CPU
		{0D2130CC-4ADB-4B0C-B273-DDA9EC01325F}.Release|Any CPU.Build.0 = Release|Any CPU
		{FF010F3B-3D8D-439C-AD36-FA04D787B1A6}.Debug|Any CPU.ActiveCfg = Debug|Any CPU
		{FF010F3B-3D8D-439C-AD36-FA04D787B1A6}.Debug|Any CPU.Build.0 = Debug|Any CPU
		{FF010F3B-3D8D-439C-AD36-FA04D787B1A6}.Release|Any CPU.ActiveCfg = Release|Any CPU
		{FF010F3B-3D8D-439C-AD36-FA04D787B1A6}.Release|Any CPU.Build.0 = Release|Any CPU
		{4FC9120B-FB98-42F8-BF1D-CC08EA5F8311}.Debug|Any CPU.ActiveCfg = Debug|Any CPU
		{4FC9120B-FB98-42F8-BF1D-CC08EA5F8311}.Debug|Any CPU.Build.0 = Debug|Any CPU
		{4FC9120B-FB98-42F8-BF1D-CC08EA5F8311}.Release|Any CPU.ActiveCfg = Release|Any CPU
		{4FC9120B-FB98-42F8-BF1D-CC08EA5F8311}.Release|Any CPU.Build.0 = Release|Any CPU
	EndGlobalSection
	GlobalSection(SolutionProperties) = preSolution
		HideSolutionNode = FALSE
	EndGlobalSection
	GlobalSection(ExtensibilityGlobals) = postSolution
		SolutionGuid = {DA654246-C334-44B0-A581-B7361C5C7303}
	EndGlobalSection
EndGlobal
